
Microsoft Visual Studio Solution File, Format Version 12.00
# Visual Studio Version 17
VisualStudioVersion = 17.4.33213.308
MinimumVisualStudioVersion = 10.0.40219.1
Project("{FAE04EC0-301F-11D3-BF4B-00C04F79EFBC}") = "Faturamento", "Faturamento\Faturamento.csproj", "{534549E1-9D8F-4167-BA29-A67BBC761A7D}"
EndProject
Global
	GlobalSection(SolutionConfigurationPlatforms) = preSolution
		Debug|Any CPU = Debug|Any CPU
		Release|Any CPU = Release|Any CPU
	EndGlobalSection
	GlobalSection(ProjectConfigurationPlatforms) = postSolution
		{534549E1-9D8F-4167-BA29-A67BBC761A7D}.Debug|Any CPU.ActiveCfg = Debug|Any CPU
		{534549E1-9D8F-4167-BA29-A67BBC761A7D}.Debug|Any CPU.Build.0 = Debug|Any CPU
		{534549E1-9D8F-4167-BA29-A67BBC761A7D}.Release|Any CPU.ActiveCfg = Release|Any CPU
		{534549E1-9D8F-4167-BA29-A67BBC761A7D}.Release|Any CPU.Build.0 = Release|Any CPU
	EndGlobalSection
	GlobalSection(SolutionProperties) = preSolution
		HideSolutionNode = FALSE
	EndGlobalSection
	GlobalSection(ExtensibilityGlobals) = postSolution
		SolutionGuid = {A03576EC-A4AE-4F2C-8D9B-D2BD745EA73C}
	EndGlobalSection
EndGlobal
