
Microsoft Visual Studio Solution File, Format Version 12.00
# Visual Studio Version 17
VisualStudioVersion = 17.4.33213.308
MinimumVisualStudioVersion = 10.0.40219.1
Project("{FAE04EC0-301F-11D3-BF4B-00C04F79EFBC}") = "Exercicio1", "Exercicio1\Exercicio1.csproj", "{5A8A890C-8CF5-463D-A66F-26123CBB8250}"
EndProject
Global
	GlobalSection(SolutionConfigurationPlatforms) = preSolution
		Debug|Any CPU = Debug|Any CPU
		Release|Any CPU = Release|Any CPU
	EndGlobalSection
	GlobalSection(ProjectConfigurationPlatforms) = postSolution
		{5A8A890C-8CF5-463D-A66F-26123CBB8250}.Debug|Any CPU.ActiveCfg = Debug|Any CPU
		{5A8A890C-8CF5-463D-A66F-26123CBB8250}.Debug|Any CPU.Build.0 = Debug|Any CPU
		{5A8A890C-8CF5-463D-A66F-26123CBB8250}.Release|Any CPU.ActiveCfg = Release|Any CPU
		{5A8A890C-8CF5-463D-A66F-26123CBB8250}.Release|Any CPU.Build.0 = Release|Any CPU
	EndGlobalSection
	GlobalSection(SolutionProperties) = preSolution
		HideSolutionNode = FALSE
	EndGlobalSection
	GlobalSection(ExtensibilityGlobals) = postSolution
		SolutionGuid = {FD5B131A-7884-40A4-B759-E9962A84F2A2}
	EndGlobalSection
EndGlobal
