
Microsoft Visual Studio Solution File, Format Version 12.00
# Visual Studio Version 17
VisualStudioVersion = 17.7.34024.191
MinimumVisualStudioVersion = 10.0.40219.1
Project("{FAE04EC0-301F-11D3-BF4B-00C04F79EFBC}") = "TecnoMarket", "TecnoMarket\TecnoMarket.csproj", "{4951BB47-75EE-4678-AB62-F33344D3856E}"
EndProject
Global
	GlobalSection(SolutionConfigurationPlatforms) = preSolution
		Debug|Any CPU = Debug|Any CPU
		Release|Any CPU = Release|Any CPU
	EndGlobalSection
	GlobalSection(ProjectConfigurationPlatforms) = postSolution
		{4951BB47-75EE-4678-AB62-F33344D3856E}.Debug|Any CPU.ActiveCfg = Debug|Any CPU
		{4951BB47-75EE-4678-AB62-F33344D3856E}.Debug|Any CPU.Build.0 = Debug|Any CPU
		{4951BB47-75EE-4678-AB62-F33344D3856E}.Release|Any CPU.ActiveCfg = Release|Any CPU
		{4951BB47-75EE-4678-AB62-F33344D3856E}.Release|Any CPU.Build.0 = Release|Any CPU
	EndGlobalSection
	GlobalSection(SolutionProperties) = preSolution
		HideSolutionNode = FALSE
	EndGlobalSection
	GlobalSection(ExtensibilityGlobals) = postSolution
		SolutionGuid = {206C9365-CDB7-4EBB-B185-E89102AB5190}
	EndGlobalSection
EndGlobal
